
Microsoft Visual Studio Solution File, Format Version 12.00
# Visual Studio Version 17
VisualStudioVersion = 17.9.34701.34
MinimumVisualStudioVersion = 10.0.40219.1
Project("{FAE04EC0-301F-11D3-BF4B-00C04F79EFBC}") = "VariablesExcercise", "VariablesExcercise\VariablesExcercise.csproj", "{617A1FDA-25F7-406B-AEAB-5978B4C3F0EB}"
EndProject
Global
	GlobalSection(SolutionConfigurationPlatforms) = preSolution
		Debug|Any CPU = Debug|Any CPU
		Release|Any CPU = Release|Any CPU
	EndGlobalSection
	GlobalSection(ProjectConfigurationPlatforms) = postSolution
		{617A1FDA-25F7-406B-AEAB-5978B4C3F0EB}.Debug|Any CPU.ActiveCfg = Debug|Any CPU
		{617A1FDA-25F7-406B-AEAB-5978B4C3F0EB}.Debug|Any CPU.Build.0 = Debug|Any CPU
		{617A1FDA-25F7-406B-AEAB-5978B4C3F0EB}.Release|Any CPU.ActiveCfg = Release|Any CPU
		{617A1FDA-25F7-406B-AEAB-5978B4C3F0EB}.Release|Any CPU.Build.0 = Release|Any CPU
	EndGlobalSection
	GlobalSection(SolutionProperties) = preSolution
		HideSolutionNode = FALSE
	EndGlobalSection
	GlobalSection(ExtensibilityGlobals) = postSolution
		SolutionGuid = {D5A1CCA2-7384-4742-A7FF-9F73D78907D1}
	EndGlobalSection
EndGlobal
